
Microsoft Visual Studio Solution File, Format Version 12.00
# Visual Studio Version 17
VisualStudioVersion = 17.11.35312.102
MinimumVisualStudioVersion = 10.0.40219.1
Project("{FAE04EC0-301F-11D3-BF4B-00C04F79EFBC}") = "ChallengeApp", "ChallengeApp\ChallengeApp.csproj", "{38A71500-A851-4A8E-8402-70EDED50AE30}"
EndProject
Project("{FAE04EC0-301F-11D3-BF4B-00C04F79EFBC}") = "ChallengeApp.Tests", "ChallengeApp.Tests\ChallengeApp.Tests.csproj", "{304B3F56-69DD-495E-ACE7-19713F53A874}"
EndProject
Global
	GlobalSection(SolutionConfigurationPlatforms) = preSolution
		Debug|Any CPU = Debug|Any CPU
		Release|Any CPU = Release|Any CPU
	EndGlobalSection
	GlobalSection(ProjectConfigurationPlatforms) = postSolution
		{38A71500-A851-4A8E-8402-70EDED50AE30}.Debug|Any CPU.ActiveCfg = Debug|Any CPU
		{38A71500-A851-4A8E-8402-70EDED50AE30}.Debug|Any CPU.Build.0 = Debug|Any CPU
		{38A71500-A851-4A8E-8402-70EDED50AE30}.Release|Any CPU.ActiveCfg = Release|Any CPU
		{38A71500-A851-4A8E-8402-70EDED50AE30}.Release|Any CPU.Build.0 = Release|Any CPU
		{304B3F56-69DD-495E-ACE7-19713F53A874}.Debug|Any CPU.ActiveCfg = Debug|Any CPU
		{304B3F56-69DD-495E-ACE7-19713F53A874}.Debug|Any CPU.Build.0 = Debug|Any CPU
		{304B3F56-69DD-495E-ACE7-19713F53A874}.Release|Any CPU.ActiveCfg = Release|Any CPU
		{304B3F56-69DD-495E-ACE7-19713F53A874}.Release|Any CPU.Build.0 = Release|Any CPU
	EndGlobalSection
	GlobalSection(SolutionProperties) = preSolution
		HideSolutionNode = FALSE
	EndGlobalSection
	GlobalSection(ExtensibilityGlobals) = postSolution
		SolutionGuid = {799CA824-F014-401C-B52C-2A1A2A88F91B}
	EndGlobalSection
EndGlobal
